
Microsoft Visual Studio Solution File, Format Version 12.00
# Visual Studio 15
VisualStudioVersion = 15.0.27004.2006
MinimumVisualStudioVersion = 10.0.40219.1
Project("{FAE04EC0-301F-11D3-BF4B-00C04F79EFBC}") = "ActorThrowsException", "ActorThrowsException\ActorThrowsException.csproj", "{2E863D29-A4B1-416F-9B1B-2ADCEC50AE25}"
EndProject
Project("{FAE04EC0-301F-11D3-BF4B-00C04F79EFBC}") = "RouterActors", "RouterActors\RouterActors.csproj", "{53D81585-A93E-4F5B-8221-A543160A85D0}"
EndProject
Global
	GlobalSection(SolutionConfigurationPlatforms) = preSolution
		Debug|Any CPU = Debug|Any CPU
		Release|Any CPU = Release|Any CPU
	EndGlobalSection
	GlobalSection(ProjectConfigurationPlatforms) = postSolution
		{2E863D29-A4B1-416F-9B1B-2ADCEC50AE25}.Debug|Any CPU.ActiveCfg = Debug|Any CPU
		{2E863D29-A4B1-416F-9B1B-2ADCEC50AE25}.Debug|Any CPU.Build.0 = Debug|Any CPU
		{2E863D29-A4B1-416F-9B1B-2ADCEC50AE25}.Release|Any CPU.ActiveCfg = Release|Any CPU
		{2E863D29-A4B1-416F-9B1B-2ADCEC50AE25}.Release|Any CPU.Build.0 = Release|Any CPU
		{53D81585-A93E-4F5B-8221-A543160A85D0}.Debug|Any CPU.ActiveCfg = Debug|Any CPU
		{53D81585-A93E-4F5B-8221-A543160A85D0}.Debug|Any CPU.Build.0 = Debug|Any CPU
		{53D81585-A93E-4F5B-8221-A543160A85D0}.Release|Any CPU.ActiveCfg = Release|Any CPU
		{53D81585-A93E-4F5B-8221-A543160A85D0}.Release|Any CPU.Build.0 = Release|Any CPU
	EndGlobalSection
	GlobalSection(SolutionProperties) = preSolution
		HideSolutionNode = FALSE
	EndGlobalSection
	GlobalSection(ExtensibilityGlobals) = postSolution
		SolutionGuid = {387726DF-48A5-4037-AE9C-35198FF96181}
	EndGlobalSection
EndGlobal
